// !$*UTF8*$!
{
	archiveVersion = 1;
	classes = {
	};
	objectVersion = 46;
	objects = {

/* Begin PBXBuildFile section */
		3A5045AC1AAFDC070069D27E /* Business.m in Sources */ = {isa = PBXBuildFile; fileRef = 3A5045AB1AAFDC070069D27E /* Business.m */; };
		3A654A1A1AB39223001899A6 /* TicketPrintView.m in Sources */ = {isa = PBXBuildFile; fileRef = 3A654A191AB39223001899A6 /* TicketPrintView.m */; };
		3AFD09191A8836C4001D8688 /* AppDelegate.m in Sources */ = {isa = PBXBuildFile; fileRef = 3AFD09181A8836C4001D8688 /* AppDelegate.m */; };
		3AFD091B1A8836C4001D8688 /* main.m in Sources */ = {isa = PBXBuildFile; fileRef = 3AFD091A1A8836C4001D8688 /* main.m */; };
		3AFD09211A8836C4001D8688 /* SALT.xcdatamodeld in Sources */ = {isa = PBXBuildFile; fileRef = 3AFD091F1A8836C4001D8688 /* SALT.xcdatamodeld */; };
		3AFD09231A8836C4001D8688 /* Images.xcassets in Resources */ = {isa = PBXBuildFile; fileRef = 3AFD09221A8836C4001D8688 /* Images.xcassets */; };
		3AFD09261A8836C4001D8688 /* Main.storyboard in Resources */ = {isa = PBXBuildFile; fileRef = 3AFD09241A8836C4001D8688 /* Main.storyboard */; };
		3AFD09321A8836C4001D8688 /* SALTTests.m in Sources */ = {isa = PBXBuildFile; fileRef = 3AFD09311A8836C4001D8688 /* SALTTests.m */; };
		3AFD09421A883793001D8688 /* MySQL.m in Sources */ = {isa = PBXBuildFile; fileRef = 3AFD093E1A883793001D8688 /* MySQL.m */; };
		3AFD09431A883793001D8688 /* StatusCodes.m in Sources */ = {isa = PBXBuildFile; fileRef = 3AFD09401A883793001D8688 /* StatusCodes.m */; };
		3AFD09491A883A42001D8688 /* LoginViewController.m in Sources */ = {isa = PBXBuildFile; fileRef = 3AFD09481A883A42001D8688 /* LoginViewController.m */; };
		3AFD09521A89812E001D8688 /* TicketViewController.m in Sources */ = {isa = PBXBuildFile; fileRef = 3AFD09511A89812E001D8688 /* TicketViewController.m */; };
		3AFD09591A898AE8001D8688 /* EmployeeViewController.m in Sources */ = {isa = PBXBuildFile; fileRef = 3AFD09581A898AE8001D8688 /* EmployeeViewController.m */; };
		3AFD09771A8AB506001D8688 /* Witness.m in Sources */ = {isa = PBXBuildFile; fileRef = 3AFD09761A8AB506001D8688 /* Witness.m */; };
		3AFD097A1A8AB507001D8688 /* Schedule.m in Sources */ = {isa = PBXBuildFile; fileRef = 3AFD09791A8AB507001D8688 /* Schedule.m */; };
		3AFD097D1A8AB507001D8688 /* Ticket.m in Sources */ = {isa = PBXBuildFile; fileRef = 3AFD097C1A8AB507001D8688 /* Ticket.m */; };
		3AFD09801A8AB507001D8688 /* Expert.m in Sources */ = {isa = PBXBuildFile; fileRef = 3AFD097F1A8AB507001D8688 /* Expert.m */; };
		3AFD09831A8AB507001D8688 /* Judge.m in Sources */ = {isa = PBXBuildFile; fileRef = 3AFD09821A8AB507001D8688 /* Judge.m */; };
		3AFD09861A8AB507001D8688 /* Site.m in Sources */ = {isa = PBXBuildFile; fileRef = 3AFD09851A8AB507001D8688 /* Site.m */; };
		3AFD09891A8AB507001D8688 /* User.m in Sources */ = {isa = PBXBuildFile; fileRef = 3AFD09881A8AB507001D8688 /* User.m */; };
		3AFD098C1A8AB507001D8688 /* Employee.m in Sources */ = {isa = PBXBuildFile; fileRef = 3AFD098B1A8AB507001D8688 /* Employee.m */; };
		3AFD098F1A8AB507001D8688 /* Clerk.m in Sources */ = {isa = PBXBuildFile; fileRef = 3AFD098E1A8AB507001D8688 /* Clerk.m */; };
		3AFD099E1A8D56CF001D8688 /* DataController.m in Sources */ = {isa = PBXBuildFile; fileRef = 3AFD099D1A8D56CF001D8688 /* DataController.m */; };
		3AFD09A11A902FDA001D8688 /* InsertTicketViewController.m in Sources */ = {isa = PBXBuildFile; fileRef = 3AFD09A01A902FDA001D8688 /* InsertTicketViewController.m */; };
		3AFD09E51AAC0A51001D8688 /* MainWindowController.m in Sources */ = {isa = PBXBuildFile; fileRef = 3AFD09E41AAC0A51001D8688 /* MainWindowController.m */; };
/* End PBXBuildFile section */

/* Begin PBXContainerItemProxy section */
		3AFD092C1A8836C4001D8688 /* PBXContainerItemProxy */ = {
			isa = PBXContainerItemProxy;
			containerPortal = 3AFD090A1A8836C4001D8688 /* Project object */;
			proxyType = 1;
			remoteGlobalIDString = 3AFD09111A8836C4001D8688;
			remoteInfo = SALT;
		};
/* End PBXContainerItemProxy section */

/* Begin PBXFileReference section */
		3A5045AA1AAFDC070069D27E /* Business.h */ = {isa = PBXFileReference; fileEncoding = 4; lastKnownFileType = sourcecode.c.h; path = Business.h; sourceTree = "<group>"; };
		3A5045AB1AAFDC070069D27E /* Business.m */ = {isa = PBXFileReference; fileEncoding = 4; lastKnownFileType = sourcecode.c.objc; path = Business.m; sourceTree = "<group>"; };
		3A654A181AB39223001899A6 /* TicketPrintView.h */ = {isa = PBXFileReference; fileEncoding = 4; lastKnownFileType = sourcecode.c.h; path = TicketPrintView.h; sourceTree = "<group>"; };
		3A654A191AB39223001899A6 /* TicketPrintView.m */ = {isa = PBXFileReference; fileEncoding = 4; lastKnownFileType = sourcecode.c.objc; path = TicketPrintView.m; sourceTree = "<group>"; };
		3AFD09121A8836C4001D8688 /* SALT.app */ = {isa = PBXFileReference; explicitFileType = wrapper.application; includeInIndex = 0; path = SALT.app; sourceTree = BUILT_PRODUCTS_DIR; };
		3AFD09161A8836C4001D8688 /* Info.plist */ = {isa = PBXFileReference; lastKnownFileType = text.plist.xml; path = Info.plist; sourceTree = "<group>"; };
		3AFD09171A8836C4001D8688 /* AppDelegate.h */ = {isa = PBXFileReference; lastKnownFileType = sourcecode.c.h; path = AppDelegate.h; sourceTree = "<group>"; };
		3AFD09181A8836C4001D8688 /* AppDelegate.m */ = {isa = PBXFileReference; lastKnownFileType = sourcecode.c.objc; path = AppDelegate.m; sourceTree = "<group>"; };
		3AFD091A1A8836C4001D8688 /* main.m */ = {isa = PBXFileReference; lastKnownFileType = sourcecode.c.objc; path = main.m; sourceTree = "<group>"; };
		3AFD09201A8836C4001D8688 /* SALT.xcdatamodel */ = {isa = PBXFileReference; lastKnownFileType = wrapper.xcdatamodel; path = SALT.xcdatamodel; sourceTree = "<group>"; };
		3AFD09221A8836C4001D8688 /* Images.xcassets */ = {isa = PBXFileReference; lastKnownFileType = folder.assetcatalog; path = Images.xcassets; sourceTree = "<group>"; };
		3AFD09251A8836C4001D8688 /* Base */ = {isa = PBXFileReference; lastKnownFileType = file.storyboard; name = Base; path = Base.lproj/Main.storyboard; sourceTree = "<group>"; };
		3AFD092B1A8836C4001D8688 /* SALTTests.xctest */ = {isa = PBXFileReference; explicitFileType = wrapper.cfbundle; includeInIndex = 0; path = SALTTests.xctest; sourceTree = BUILT_PRODUCTS_DIR; };
		3AFD09301A8836C4001D8688 /* Info.plist */ = {isa = PBXFileReference; lastKnownFileType = text.plist.xml; path = Info.plist; sourceTree = "<group>"; };
		3AFD09311A8836C4001D8688 /* SALTTests.m */ = {isa = PBXFileReference; lastKnownFileType = sourcecode.c.objc; path = SALTTests.m; sourceTree = "<group>"; };
		3AFD093D1A883793001D8688 /* MySQL.h */ = {isa = PBXFileReference; fileEncoding = 4; lastKnownFileType = sourcecode.c.h; path = MySQL.h; sourceTree = "<group>"; };
		3AFD093E1A883793001D8688 /* MySQL.m */ = {isa = PBXFileReference; fileEncoding = 4; lastKnownFileType = sourcecode.c.objc; path = MySQL.m; sourceTree = "<group>"; };
		3AFD093F1A883793001D8688 /* StatusCodes.h */ = {isa = PBXFileReference; fileEncoding = 4; lastKnownFileType = sourcecode.c.h; path = StatusCodes.h; sourceTree = "<group>"; };
		3AFD09401A883793001D8688 /* StatusCodes.m */ = {isa = PBXFileReference; fileEncoding = 4; lastKnownFileType = sourcecode.c.objc; path = StatusCodes.m; sourceTree = "<group>"; };
		3AFD09471A883A42001D8688 /* LoginViewController.h */ = {isa = PBXFileReference; fileEncoding = 4; lastKnownFileType = sourcecode.c.h; path = LoginViewController.h; sourceTree = "<group>"; };
		3AFD09481A883A42001D8688 /* LoginViewController.m */ = {isa = PBXFileReference; fileEncoding = 4; lastKnownFileType = sourcecode.c.objc; path = LoginViewController.m; sourceTree = "<group>"; };
		3AFD09501A89812E001D8688 /* TicketViewController.h */ = {isa = PBXFileReference; fileEncoding = 4; lastKnownFileType = sourcecode.c.h; path = TicketViewController.h; sourceTree = "<group>"; };
		3AFD09511A89812E001D8688 /* TicketViewController.m */ = {isa = PBXFileReference; fileEncoding = 4; lastKnownFileType = sourcecode.c.objc; path = TicketViewController.m; sourceTree = "<group>"; };
		3AFD09571A898AE8001D8688 /* EmployeeViewController.h */ = {isa = PBXFileReference; fileEncoding = 4; lastKnownFileType = sourcecode.c.h; path = EmployeeViewController.h; sourceTree = "<group>"; };
		3AFD09581A898AE8001D8688 /* EmployeeViewController.m */ = {isa = PBXFileReference; fileEncoding = 4; lastKnownFileType = sourcecode.c.objc; path = EmployeeViewController.m; sourceTree = "<group>"; };
		3AFD09751A8AB506001D8688 /* Witness.h */ = {isa = PBXFileReference; fileEncoding = 4; lastKnownFileType = sourcecode.c.h; path = Witness.h; sourceTree = "<group>"; };
		3AFD09761A8AB506001D8688 /* Witness.m */ = {isa = PBXFileReference; fileEncoding = 4; lastKnownFileType = sourcecode.c.objc; path = Witness.m; sourceTree = "<group>"; };
		3AFD09781A8AB507001D8688 /* Schedule.h */ = {isa = PBXFileReference; fileEncoding = 4; lastKnownFileType = sourcecode.c.h; path = Schedule.h; sourceTree = "<group>"; };
		3AFD09791A8AB507001D8688 /* Schedule.m */ = {isa = PBXFileReference; fileEncoding = 4; lastKnownFileType = sourcecode.c.objc; path = Schedule.m; sourceTree = "<group>"; };
		3AFD097B1A8AB507001D8688 /* Ticket.h */ = {isa = PBXFileReference; fileEncoding = 4; lastKnownFileType = sourcecode.c.h; path = Ticket.h; sourceTree = "<group>"; };
		3AFD097C1A8AB507001D8688 /* Ticket.m */ = {isa = PBXFileReference; fileEncoding = 4; lastKnownFileType = sourcecode.c.objc; path = Ticket.m; sourceTree = "<group>"; };
		3AFD097E1A8AB507001D8688 /* Expert.h */ = {isa = PBXFileReference; fileEncoding = 4; lastKnownFileType = sourcecode.c.h; path = Expert.h; sourceTree = "<group>"; };
		3AFD097F1A8AB507001D8688 /* Expert.m */ = {isa = PBXFileReference; fileEncoding = 4; lastKnownFileType = sourcecode.c.objc; path = Expert.m; sourceTree = "<group>"; };
		3AFD09811A8AB507001D8688 /* Judge.h */ = {isa = PBXFileReference; fileEncoding = 4; lastKnownFileType = sourcecode.c.h; path = Judge.h; sourceTree = "<group>"; };
		3AFD09821A8AB507001D8688 /* Judge.m */ = {isa = PBXFileReference; fileEncoding = 4; lastKnownFileType = sourcecode.c.objc; path = Judge.m; sourceTree = "<group>"; };
		3AFD09841A8AB507001D8688 /* Site.h */ = {isa = PBXFileReference; fileEncoding = 4; lastKnownFileType = sourcecode.c.h; path = Site.h; sourceTree = "<group>"; };
		3AFD09851A8AB507001D8688 /* Site.m */ = {isa = PBXFileReference; fileEncoding = 4; lastKnownFileType = sourcecode.c.objc; path = Site.m; sourceTree = "<group>"; };
		3AFD09871A8AB507001D8688 /* User.h */ = {isa = PBXFileReference; fileEncoding = 4; lastKnownFileType = sourcecode.c.h; path = User.h; sourceTree = "<group>"; };
		3AFD09881A8AB507001D8688 /* User.m */ = {isa = PBXFileReference; fileEncoding = 4; lastKnownFileType = sourcecode.c.objc; path = User.m; sourceTree = "<group>"; };
		3AFD098A1A8AB507001D8688 /* Employee.h */ = {isa = PBXFileReference; fileEncoding = 4; lastKnownFileType = sourcecode.c.h; path = Employee.h; sourceTree = "<group>"; };
		3AFD098B1A8AB507001D8688 /* Employee.m */ = {isa = PBXFileReference; fileEncoding = 4; lastKnownFileType = sourcecode.c.objc; path = Employee.m; sourceTree = "<group>"; };
		3AFD098D1A8AB507001D8688 /* Clerk.h */ = {isa = PBXFileReference; fileEncoding = 4; lastKnownFileType = sourcecode.c.h; path = Clerk.h; sourceTree = "<group>"; };
		3AFD098E1A8AB507001D8688 /* Clerk.m */ = {isa = PBXFileReference; fileEncoding = 4; lastKnownFileType = sourcecode.c.objc; path = Clerk.m; sourceTree = "<group>"; };
		3AFD099C1A8D56CF001D8688 /* DataController.h */ = {isa = PBXFileReference; fileEncoding = 4; lastKnownFileType = sourcecode.c.h; path = DataController.h; sourceTree = "<group>"; };
		3AFD099D1A8D56CF001D8688 /* DataController.m */ = {isa = PBXFileReference; fileEncoding = 4; lastKnownFileType = sourcecode.c.objc; path = DataController.m; sourceTree = "<group>"; };
		3AFD099F1A902FDA001D8688 /* InsertTicketViewController.h */ = {isa = PBXFileReference; fileEncoding = 4; lastKnownFileType = sourcecode.c.h; path = InsertTicketViewController.h; sourceTree = "<group>"; };
		3AFD09A01A902FDA001D8688 /* InsertTicketViewController.m */ = {isa = PBXFileReference; fileEncoding = 4; lastKnownFileType = sourcecode.c.objc; path = InsertTicketViewController.m; sourceTree = "<group>"; };
		3AFD09E31AAC0A51001D8688 /* MainWindowController.h */ = {isa = PBXFileReference; fileEncoding = 4; lastKnownFileType = sourcecode.c.h; path = MainWindowController.h; sourceTree = "<group>"; };
		3AFD09E41AAC0A51001D8688 /* MainWindowController.m */ = {isa = PBXFileReference; fileEncoding = 4; lastKnownFileType = sourcecode.c.objc; path = MainWindowController.m; sourceTree = "<group>"; };
/* End PBXFileReference section */

/* Begin PBXFrameworksBuildPhase section */
		3AFD090F1A8836C4001D8688 /* Frameworks */ = {
			isa = PBXFrameworksBuildPhase;
			buildActionMask = 2147483647;
			files = (
			);
			runOnlyForDeploymentPostprocessing = 0;
		};
		3AFD09281A8836C4001D8688 /* Frameworks */ = {
			isa = PBXFrameworksBuildPhase;
			buildActionMask = 2147483647;
			files = (
			);
			runOnlyForDeploymentPostprocessing = 0;
		};
/* End PBXFrameworksBuildPhase section */

/* Begin PBXGroup section */
		3AFD09091A8836C4001D8688 = {
			isa = PBXGroup;
			children = (
				3AFD09141A8836C4001D8688 /* SALT */,
				3AFD092E1A8836C4001D8688 /* SALTTests */,
				3AFD09131A8836C4001D8688 /* Products */,
			);
			sourceTree = "<group>";
		};
		3AFD09131A8836C4001D8688 /* Products */ = {
			isa = PBXGroup;
			children = (
				3AFD09121A8836C4001D8688 /* SALT.app */,
				3AFD092B1A8836C4001D8688 /* SALTTests.xctest */,
			);
			name = Products;
			sourceTree = "<group>";
		};
		3AFD09141A8836C4001D8688 /* SALT */ = {
			isa = PBXGroup;
			children = (
				3AFD09171A8836C4001D8688 /* AppDelegate.h */,
				3AFD09181A8836C4001D8688 /* AppDelegate.m */,
				3AFD09561A8986AA001D8688 /* Model */,
				3AFD09461A8837E8001D8688 /* View */,
				3AFD09451A8837B4001D8688 /* Controller */,
				3AFD09441A8837A0001D8688 /* Utils */,
				3AFD09151A8836C4001D8688 /* Supporting Files */,
			);
			path = SALT;
			sourceTree = "<group>";
		};
		3AFD09151A8836C4001D8688 /* Supporting Files */ = {
			isa = PBXGroup;
			children = (
				3AFD091F1A8836C4001D8688 /* SALT.xcdatamodeld */,
				3AFD09221A8836C4001D8688 /* Images.xcassets */,
				3AFD09161A8836C4001D8688 /* Info.plist */,
				3AFD091A1A8836C4001D8688 /* main.m */,
			);
			name = "Supporting Files";
			sourceTree = "<group>";
		};
		3AFD092E1A8836C4001D8688 /* SALTTests */ = {
			isa = PBXGroup;
			children = (
				3AFD09311A8836C4001D8688 /* SALTTests.m */,
				3AFD092F1A8836C4001D8688 /* Supporting Files */,
			);
			path = SALTTests;
			sourceTree = "<group>";
		};
		3AFD092F1A8836C4001D8688 /* Supporting Files */ = {
			isa = PBXGroup;
			children = (
				3AFD09301A8836C4001D8688 /* Info.plist */,
			);
			name = "Supporting Files";
			sourceTree = "<group>";
		};
		3AFD09441A8837A0001D8688 /* Utils */ = {
			isa = PBXGroup;
			children = (
				3AFD093D1A883793001D8688 /* MySQL.h */,
				3AFD093E1A883793001D8688 /* MySQL.m */,
				3AFD093F1A883793001D8688 /* StatusCodes.h */,
				3AFD09401A883793001D8688 /* StatusCodes.m */,
			);
			name = Utils;
			sourceTree = "<group>";
		};
		3AFD09451A8837B4001D8688 /* Controller */ = {
			isa = PBXGroup;
			children = (
				3AFD09471A883A42001D8688 /* LoginViewController.h */,
				3AFD09481A883A42001D8688 /* LoginViewController.m */,
				3AFD09501A89812E001D8688 /* TicketViewController.h */,
				3AFD09511A89812E001D8688 /* TicketViewController.m */,
				3AFD09571A898AE8001D8688 /* EmployeeViewController.h */,
				3AFD09581A898AE8001D8688 /* EmployeeViewController.m */,
				3AFD099C1A8D56CF001D8688 /* DataController.h */,
				3AFD099D1A8D56CF001D8688 /* DataController.m */,
				3AFD099F1A902FDA001D8688 /* InsertTicketViewController.h */,
				3AFD09A01A902FDA001D8688 /* InsertTicketViewController.m */,
				3AFD09E31AAC0A51001D8688 /* MainWindowController.h */,
				3AFD09E41AAC0A51001D8688 /* MainWindowController.m */,
			);
			name = Controller;
			sourceTree = "<group>";
		};
		3AFD09461A8837E8001D8688 /* View */ = {
			isa = PBXGroup;
			children = (
				3AFD09241A8836C4001D8688 /* Main.storyboard */,
				3A654A181AB39223001899A6 /* TicketPrintView.h */,
				3A654A191AB39223001899A6 /* TicketPrintView.m */,
			);
			name = View;
			sourceTree = "<group>";
		};
		3AFD09561A8986AA001D8688 /* Model */ = {
			isa = PBXGroup;
			children = (
				3A5045AA1AAFDC070069D27E /* Business.h */,
				3A5045AB1AAFDC070069D27E /* Business.m */,
				3AFD098D1A8AB507001D8688 /* Clerk.h */,
				3AFD098E1A8AB507001D8688 /* Clerk.m */,
				3AFD098A1A8AB507001D8688 /* Employee.h */,
				3AFD098B1A8AB507001D8688 /* Employee.m */,
				3AFD09871A8AB507001D8688 /* User.h */,
				3AFD09881A8AB507001D8688 /* User.m */,
				3AFD09841A8AB507001D8688 /* Site.h */,
				3AFD09851A8AB507001D8688 /* Site.m */,
				3AFD09811A8AB507001D8688 /* Judge.h */,
				3AFD09821A8AB507001D8688 /* Judge.m */,
				3AFD097E1A8AB507001D8688 /* Expert.h */,
				3AFD097F1A8AB507001D8688 /* Expert.m */,
				3AFD097B1A8AB507001D8688 /* Ticket.h */,
				3AFD097C1A8AB507001D8688 /* Ticket.m */,
				3AFD09781A8AB507001D8688 /* Schedule.h */,
				3AFD09791A8AB507001D8688 /* Schedule.m */,
				3AFD09751A8AB506001D8688 /* Witness.h */,
				3AFD09761A8AB506001D8688 /* Witness.m */,
			);
			name = Model;
			sourceTree = "<group>";
		};
/* End PBXGroup section */

/* Begin PBXNativeTarget section */
		3AFD09111A8836C4001D8688 /* SALT */ = {
			isa = PBXNativeTarget;
			buildConfigurationList = 3AFD09351A8836C4001D8688 /* Build configuration list for PBXNativeTarget "SALT" */;
			buildPhases = (
				3AFD090E1A8836C4001D8688 /* Sources */,
				3AFD090F1A8836C4001D8688 /* Frameworks */,
				3AFD09101A8836C4001D8688 /* Resources */,
			);
			buildRules = (
			);
			dependencies = (
			);
			name = SALT;
			productName = SALT;
			productReference = 3AFD09121A8836C4001D8688 /* SALT.app */;
			productType = "com.apple.product-type.application";
		};
		3AFD092A1A8836C4001D8688 /* SALTTests */ = {
			isa = PBXNativeTarget;
			buildConfigurationList = 3AFD09381A8836C4001D8688 /* Build configuration list for PBXNativeTarget "SALTTests" */;
			buildPhases = (
				3AFD09271A8836C4001D8688 /* Sources */,
				3AFD09281A8836C4001D8688 /* Frameworks */,
				3AFD09291A8836C4001D8688 /* Resources */,
			);
			buildRules = (
			);
			dependencies = (
				3AFD092D1A8836C4001D8688 /* PBXTargetDependency */,
			);
			name = SALTTests;
			productName = SALTTests;
			productReference = 3AFD092B1A8836C4001D8688 /* SALTTests.xctest */;
			productType = "com.apple.product-type.bundle.unit-test";
		};
/* End PBXNativeTarget section */

/* Begin PBXProject section */
		3AFD090A1A8836C4001D8688 /* Project object */ = {
			isa = PBXProject;
			attributes = {
				LastUpgradeCheck = 0610;
				ORGANIZATIONNAME = "Adrian T. Chambers";
				TargetAttributes = {
					3AFD09111A8836C4001D8688 = {
						CreatedOnToolsVersion = 6.1.1;
					};
					3AFD092A1A8836C4001D8688 = {
						CreatedOnToolsVersion = 6.1.1;
						TestTargetID = 3AFD09111A8836C4001D8688;
					};
				};
			};
			buildConfigurationList = 3AFD090D1A8836C4001D8688 /* Build configuration list for PBXProject "SALT" */;
			compatibilityVersion = "Xcode 3.2";
			developmentRegion = English;
			hasScannedForEncodings = 0;
			knownRegions = (
				en,
				Base,
			);
			mainGroup = 3AFD09091A8836C4001D8688;
			productRefGroup = 3AFD09131A8836C4001D8688 /* Products */;
			projectDirPath = "";
			projectRoot = "";
			targets = (
				3AFD09111A8836C4001D8688 /* SALT */,
				3AFD092A1A8836C4001D8688 /* SALTTests */,
			);
		};
/* End PBXProject section */

/* Begin PBXResourcesBuildPhase section */
		3AFD09101A8836C4001D8688 /* Resources */ = {
			isa = PBXResourcesBuildPhase;
			buildActionMask = 2147483647;
			files = (
				3AFD09231A8836C4001D8688 /* Images.xcassets in Resources */,
				3AFD09261A8836C4001D8688 /* Main.storyboard in Resources */,
			);
			runOnlyForDeploymentPostprocessing = 0;
		};
		3AFD09291A8836C4001D8688 /* Resources */ = {
			isa = PBXResourcesBuildPhase;
			buildActionMask = 2147483647;
			files = (
			);
			runOnlyForDeploymentPostprocessing = 0;
		};
/* End PBXResourcesBuildPhase section */

/* Begin PBXSourcesBuildPhase section */
		3AFD090E1A8836C4001D8688 /* Sources */ = {
			isa = PBXSourcesBuildPhase;
			buildActionMask = 2147483647;
			files = (
				3AFD097A1A8AB507001D8688 /* Schedule.m in Sources */,
				3AFD09771A8AB506001D8688 /* Witness.m in Sources */,
				3AFD09421A883793001D8688 /* MySQL.m in Sources */,
				3A5045AC1AAFDC070069D27E /* Business.m in Sources */,
				3AFD09E51AAC0A51001D8688 /* MainWindowController.m in Sources */,
				3AFD09831A8AB507001D8688 /* Judge.m in Sources */,
				3AFD09861A8AB507001D8688 /* Site.m in Sources */,
				3AFD098C1A8AB507001D8688 /* Employee.m in Sources */,
				3AFD09A11A902FDA001D8688 /* InsertTicketViewController.m in Sources */,
				3AFD09891A8AB507001D8688 /* User.m in Sources */,
				3AFD09801A8AB507001D8688 /* Expert.m in Sources */,
				3AFD098F1A8AB507001D8688 /* Clerk.m in Sources */,
				3AFD09211A8836C4001D8688 /* SALT.xcdatamodeld in Sources */,
				3AFD09591A898AE8001D8688 /* EmployeeViewController.m in Sources */,
				3AFD091B1A8836C4001D8688 /* main.m in Sources */,
				3AFD09491A883A42001D8688 /* LoginViewController.m in Sources */,
				3AFD09521A89812E001D8688 /* TicketViewController.m in Sources */,
				3AFD097D1A8AB507001D8688 /* Ticket.m in Sources */,
				3AFD09431A883793001D8688 /* StatusCodes.m in Sources */,
				3AFD09191A8836C4001D8688 /* AppDelegate.m in Sources */,
				3A654A1A1AB39223001899A6 /* TicketPrintView.m in Sources */,
				3AFD099E1A8D56CF001D8688 /* DataController.m in Sources */,
			);
			runOnlyForDeploymentPostprocessing = 0;
		};
		3AFD09271A8836C4001D8688 /* Sources */ = {
			isa = PBXSourcesBuildPhase;
			buildActionMask = 2147483647;
			files = (
				3AFD09321A8836C4001D8688 /* SALTTests.m in Sources */,
			);
			runOnlyForDeploymentPostprocessing = 0;
		};
/* End PBXSourcesBuildPhase section */

/* Begin PBXTargetDependency section */
		3AFD092D1A8836C4001D8688 /* PBXTargetDependency */ = {
			isa = PBXTargetDependency;
			target = 3AFD09111A8836C4001D8688 /* SALT */;
			targetProxy = 3AFD092C1A8836C4001D8688 /* PBXContainerItemProxy */;
		};
/* End PBXTargetDependency section */

/* Begin PBXVariantGroup section */
		3AFD09241A8836C4001D8688 /* Main.storyboard */ = {
			isa = PBXVariantGroup;
			children = (
				3AFD09251A8836C4001D8688 /* Base */,
			);
			name = Main.storyboard;
			sourceTree = "<group>";
		};
/* End PBXVariantGroup section */

/* Begin XCBuildConfiguration section */
		3AFD09331A8836C4001D8688 /* Debug */ = {
			isa = XCBuildConfiguration;
			buildSettings = {
				ALWAYS_SEARCH_USER_PATHS = NO;
				CLANG_CXX_LANGUAGE_STANDARD = "gnu++0x";
				CLANG_CXX_LIBRARY = "libc++";
				CLANG_ENABLE_MODULES = YES;
				CLANG_ENABLE_OBJC_ARC = YES;
				CLANG_WARN_BOOL_CONVERSION = YES;
				CLANG_WARN_CONSTANT_CONVERSION = YES;
				CLANG_WARN_DIRECT_OBJC_ISA_USAGE = YES_ERROR;
				CLANG_WARN_EMPTY_BODY = YES;
				CLANG_WARN_ENUM_CONVERSION = YES;
				CLANG_WARN_INT_CONVERSION = YES;
				CLANG_WARN_OBJC_ROOT_CLASS = YES_ERROR;
				CLANG_WARN_UNREACHABLE_CODE = YES;
				CLANG_WARN__DUPLICATE_METHOD_MATCH = YES;
				CODE_SIGN_IDENTITY = "-";
				COPY_PHASE_STRIP = NO;
				ENABLE_STRICT_OBJC_MSGSEND = YES;
				GCC_C_LANGUAGE_STANDARD = gnu99;
				GCC_DYNAMIC_NO_PIC = NO;
				GCC_OPTIMIZATION_LEVEL = 0;
				GCC_PREPROCESSOR_DEFINITIONS = (
					"DEBUG=1",
					"$(inherited)",
				);
				GCC_SYMBOLS_PRIVATE_EXTERN = NO;
				GCC_WARN_64_TO_32_BIT_CONVERSION = YES;
				GCC_WARN_ABOUT_RETURN_TYPE = YES_ERROR;
				GCC_WARN_UNDECLARED_SELECTOR = YES;
				GCC_WARN_UNINITIALIZED_AUTOS = YES_AGGRESSIVE;
				GCC_WARN_UNUSED_FUNCTION = YES;
				GCC_WARN_UNUSED_VARIABLE = YES;
				MACOSX_DEPLOYMENT_TARGET = 10.10;
				MTL_ENABLE_DEBUG_INFO = YES;
				ONLY_ACTIVE_ARCH = YES;
				SDKROOT = macosx;
			};
			name = Debug;
		};
		3AFD09341A8836C4001D8688 /* Release */ = {
			isa = XCBuildConfiguration;
			buildSettings = {
				ALWAYS_SEARCH_USER_PATHS = NO;
				CLANG_CXX_LANGUAGE_STANDARD = "gnu++0x";
				CLANG_CXX_LIBRARY = "libc++";
				CLANG_ENABLE_MODULES = YES;
				CLANG_ENABLE_OBJC_ARC = YES;
				CLANG_WARN_BOOL_CONVERSION = YES;
				CLANG_WARN_CONSTANT_CONVERSION = YES;
				CLANG_WARN_DIRECT_OBJC_ISA_USAGE = YES_ERROR;
				CLANG_WARN_EMPTY_BODY = YES;
				CLANG_WARN_ENUM_CONVERSION = YES;
				CLANG_WARN_INT_CONVERSION = YES;
				CLANG_WARN_OBJC_ROOT_CLASS = YES_ERROR;
				CLANG_WARN_UNREACHABLE_CODE = YES;
				CLANG_WARN__DUPLICATE_METHOD_MATCH = YES;
				CODE_SIGN_IDENTITY = "-";
				COPY_PHASE_STRIP = YES;
				DEBUG_INFORMATION_FORMAT = "dwarf-with-dsym";
				ENABLE_NS_ASSERTIONS = NO;
				ENABLE_STRICT_OBJC_MSGSEND = YES;
				GCC_C_LANGUAGE_STANDARD = gnu99;
				GCC_WARN_64_TO_32_BIT_CONVERSION = YES;
				GCC_WARN_ABOUT_RETURN_TYPE = YES_ERROR;
				GCC_WARN_UNDECLARED_SELECTOR = YES;
				GCC_WARN_UNINITIALIZED_AUTOS = YES_AGGRESSIVE;
				GCC_WARN_UNUSED_FUNCTION = YES;
				GCC_WARN_UNUSED_VARIABLE = YES;
				MACOSX_DEPLOYMENT_TARGET = 10.10;
				MTL_ENABLE_DEBUG_INFO = NO;
				SDKROOT = macosx;
			};
			name = Release;
		};
		3AFD09361A8836C4001D8688 /* Debug */ = {
			isa = XCBuildConfiguration;
			buildSettings = {
				ASSETCATALOG_COMPILER_APPICON_NAME = AppIcon;
				COMBINE_HIDPI_IMAGES = YES;
				INFOPLIST_FILE = SALT/Info.plist;
				LD_RUNPATH_SEARCH_PATHS = "$(inherited) @executable_path/../Frameworks";
				PRODUCT_NAME = "$(TARGET_NAME)";
			};
			name = Debug;
		};
		3AFD09371A8836C4001D8688 /* Release */ = {
			isa = XCBuildConfiguration;
			buildSettings = {
				ASSETCATALOG_COMPILER_APPICON_NAME = AppIcon;
				COMBINE_HIDPI_IMAGES = YES;
				INFOPLIST_FILE = SALT/Info.plist;
				LD_RUNPATH_SEARCH_PATHS = "$(inherited) @executable_path/../Frameworks";
				PRODUCT_NAME = "$(TARGET_NAME)";
			};
			name = Release;
		};
		3AFD09391A8836C4001D8688 /* Debug */ = {
			isa = XCBuildConfiguration;
			buildSettings = {
				BUNDLE_LOADER = "$(TEST_HOST)";
				COMBINE_HIDPI_IMAGES = YES;
				FRAMEWORK_SEARCH_PATHS = (
					"$(DEVELOPER_FRAMEWORKS_DIR)",
					"$(inherited)",
				);
				GCC_PREPROCESSOR_DEFINITIONS = (
					"DEBUG=1",
					"$(inherited)",
				);
				INFOPLIST_FILE = SALTTests/Info.plist;
				LD_RUNPATH_SEARCH_PATHS = "$(inherited) @executable_path/../Frameworks @loader_path/../Frameworks";
				PRODUCT_NAME = "$(TARGET_NAME)";
				TEST_HOST = "$(BUILT_PRODUCTS_DIR)/SALT.app/Contents/MacOS/SALT";
			};
			name = Debug;
		};
		3AFD093A1A8836C4001D8688 /* Release */ = {
			isa = XCBuildConfiguration;
			buildSettings = {
				BUNDLE_LOADER = "$(TEST_HOST)";
				COMBINE_HIDPI_IMAGES = YES;
				FRAMEWORK_SEARCH_PATHS = (
					"$(DEVELOPER_FRAMEWORKS_DIR)",
					"$(inherited)",
				);
				INFOPLIST_FILE = SALTTests/Info.plist;
				LD_RUNPATH_SEARCH_PATHS = "$(inherited) @executable_path/../Frameworks @loader_path/../Frameworks";
				PRODUCT_NAME = "$(TARGET_NAME)";
				TEST_HOST = "$(BUILT_PRODUCTS_DIR)/SALT.app/Contents/MacOS/SALT";
			};
			name = Release;
		};
/* End XCBuildConfiguration section */

/* Begin XCConfigurationList section */
		3AFD090D1A8836C4001D8688 /* Build configuration list for PBXProject "SALT" */ = {
			isa = XCConfigurationList;
			buildConfigurations = (
				3AFD09331A8836C4001D8688 /* Debug */,
				3AFD09341A8836C4001D8688 /* Release */,
			);
			defaultConfigurationIsVisible = 0;
			defaultConfigurationName = Release;
		};
		3AFD09351A8836C4001D8688 /* Build configuration list for PBXNativeTarget "SALT" */ = {
			isa = XCConfigurationList;
			buildConfigurations = (
				3AFD09361A8836C4001D8688 /* Debug */,
				3AFD09371A8836C4001D8688 /* Release */,
			);
			defaultConfigurationIsVisible = 0;
			defaultConfigurationName = Release;
		};
		3AFD09381A8836C4001D8688 /* Build configuration list for PBXNativeTarget "SALTTests" */ = {
			isa = XCConfigurationList;
			buildConfigurations = (
				3AFD09391A8836C4001D8688 /* Debug */,
				3AFD093A1A8836C4001D8688 /* Release */,
			);
			defaultConfigurationIsVisible = 0;
			defaultConfigurationName = Release;
		};
/* End XCConfigurationList section */

/* Begin XCVersionGroup section */
		3AFD091F1A8836C4001D8688 /* SALT.xcdatamodeld */ = {
			isa = XCVersionGroup;
			children = (
				3AFD09201A8836C4001D8688 /* SALT.xcdatamodel */,
			);
			currentVersion = 3AFD09201A8836C4001D8688 /* SALT.xcdatamodel */;
			path = SALT.xcdatamodeld;
			sourceTree = "<group>";
			versionGroupType = wrapper.xcdatamodel;
		};
/* End XCVersionGroup section */
	};
	rootObject = 3AFD090A1A8836C4001D8688 /* Project object */;
}
